<Solution>
  <Project Path="src/Concertable.B2B.AppHost/Concertable.B2B.AppHost.csproj" />
  <Project Path="src/Concertable.B2B.Hosting/Concertable.B2B.Hosting.csproj" />
  <Project Path="src/Concertable.B2B.TestKit/Concertable.B2B.TestKit.csproj" />
  <Project Path="../Concertable.Search/src/Concertable.Search.Hosting/Concertable.Search.Hosting.csproj" />
  <Project Path="../Concertable.Payment/src/Concertable.Payment.Hosting/Concertable.Payment.Hosting.csproj" />
  <Project Path="src/Concertable.B2B.Web/Concertable.B2B.Web.csproj" />
  <Project Path="src/Concertable.B2B.Workers/Concertable.B2B.Workers.csproj" />
  <Project Path="../Concertable.AppHost.Shared/Concertable.AppHost.Shared.csproj" />
  <Project Path="../Concertable.Frontend.Hosting/Concertable.Frontend.Hosting.csproj" />
  <Project Path="../Concertable.Auth/src/Concertable.Auth/Concertable.Auth.csproj" />
  <Project Path="../Concertable.Payment/src/Concertable.Payment.Web/Concertable.Payment.Web.csproj" />
  <Project Path="../Concertable.Payment/src/Concertable.Payment.Workers/Concertable.Payment.Workers.csproj" />
  <Project Path="../Concertable.Search/src/Concertable.Search.Web/Concertable.Search.Web.csproj" />
  <Project Path="../Concertable.Search/src/Concertable.Search.Workers/Concertable.Search.Workers.csproj" />
  <Folder Name="/DataAccess/">
    <Project Path="src/Concertable.B2B.DataAccess/Concertable.B2B.DataAccess.Application/Concertable.B2B.DataAccess.Application.csproj" />
    <Project Path="src/Concertable.B2B.DataAccess/Concertable.B2B.DataAccess.Infrastructure/Concertable.B2B.DataAccess.Infrastructure.csproj" />
    <Project Path="src/Concertable.B2B.DataAccess/Tests/Concertable.B2B.DataAccess.UnitTests/Concertable.B2B.DataAccess.UnitTests.csproj" />
  </Folder>
  <Folder Name="/Seed/">
    <Project Path="src/Seed/Concertable.B2B.Seed.Contracts/Concertable.B2B.Seed.Contracts.csproj" />
    <Project Path="src/Seed/Concertable.B2B.Seed.Infrastructure/Concertable.B2B.Seed.Infrastructure.csproj" />
    <Project Path="src/Seed/Concertable.B2B.Seed.Simulator/Concertable.B2B.Seed.Simulator.csproj" />
  </Folder>
  <Folder Name="/Modules/Admin/">
    <Project Path="src/Modules/Admin/Concertable.B2B.Admin.Api/Concertable.B2B.Admin.Api.csproj" />
    <Project Path="src/Modules/Admin/Concertable.B2B.Admin.Application/Concertable.B2B.Admin.Application.csproj" />
    <Project Path="src/Modules/Admin/Concertable.B2B.Admin.Contracts/Concertable.B2B.Admin.Contracts.csproj" />
    <Project Path="src/Modules/Admin/Concertable.B2B.Admin.Domain/Concertable.B2B.Admin.Domain.csproj" />
    <Project Path="src/Modules/Admin/Concertable.B2B.Admin.Infrastructure/Concertable.B2B.Admin.Infrastructure.csproj" />
  </Folder>
  <Folder Name="/Modules/Admin/Tests/">
    <Project Path="src/Modules/Admin/Tests/Concertable.B2B.Admin.IntegrationTests/Concertable.B2B.Admin.IntegrationTests.csproj" />
    <Project Path="src/Modules/Admin/Tests/Concertable.B2B.Admin.UnitTests/Concertable.B2B.Admin.UnitTests.csproj" />
  </Folder>
  <Folder Name="/Modules/Artist/">
    <Project Path="src/Modules/Artist/Concertable.B2B.Artist.Api/Concertable.B2B.Artist.Api.csproj" />
    <Project Path="src/Modules/Artist/Concertable.B2B.Artist.Application/Concertable.B2B.Artist.Application.csproj" />
    <Project Path="src/Modules/Artist/Concertable.B2B.Artist.Contracts/Concertable.B2B.Artist.Contracts.csproj" />
    <Project Path="src/Modules/Artist/Concertable.B2B.Artist.Domain/Concertable.B2B.Artist.Domain.csproj" />
    <Project Path="src/Modules/Artist/Concertable.B2B.Artist.Infrastructure/Concertable.B2B.Artist.Infrastructure.csproj" />
  </Folder>
  <Folder Name="/Modules/Artist/Tests/">
    <Project Path="src/Modules/Artist/Tests/Concertable.B2B.Artist.IntegrationTests/Concertable.B2B.Artist.IntegrationTests.csproj" />
    <Project Path="src/Modules/Artist/Tests/Concertable.B2B.Artist.UnitTests/Concertable.B2B.Artist.UnitTests.csproj" />
  </Folder>
  <Folder Name="/Modules/Application/">
    <Project Path="src/Modules/Application/Concertable.B2B.Application.Api/Concertable.B2B.Application.Api.csproj" />
    <Project Path="src/Modules/Application/Concertable.B2B.Application.Application/Concertable.B2B.Application.Application.csproj" />
    <Project Path="src/Modules/Application/Concertable.B2B.Application.Contracts/Concertable.B2B.Application.Contracts.csproj" />
    <Project Path="src/Modules/Application/Concertable.B2B.Application.Domain/Concertable.B2B.Application.Domain.csproj" />
    <Project Path="src/Modules/Application/Concertable.B2B.Application.Infrastructure/Concertable.B2B.Application.Infrastructure.csproj" />
  </Folder>
  <Folder Name="/Modules/Application/Tests/">
    <Project Path="src/Modules/Application/Tests/Concertable.B2B.Application.IntegrationTests/Concertable.B2B.Application.IntegrationTests.csproj" />
    <Project Path="src/Modules/Application/Tests/Concertable.B2B.Application.UnitTests/Concertable.B2B.Application.UnitTests.csproj" />
  </Folder>
  <Folder Name="/Modules/Booking/">
    <Project Path="src/Modules/Booking/Concertable.B2B.Booking.Api/Concertable.B2B.Booking.Api.csproj" />
    <Project Path="src/Modules/Booking/Concertable.B2B.Booking.Application/Concertable.B2B.Booking.Application.csproj" />
    <Project Path="src/Modules/Booking/Concertable.B2B.Booking.Contracts/Concertable.B2B.Booking.Contracts.csproj" />
    <Project Path="src/Modules/Booking/Concertable.B2B.Booking.Domain/Concertable.B2B.Booking.Domain.csproj" />
    <Project Path="src/Modules/Booking/Concertable.B2B.Booking.Infrastructure/Concertable.B2B.Booking.Infrastructure.csproj" />
  </Folder>
  <Folder Name="/Modules/Booking/Tests/">
    <Project Path="src/Modules/Booking/Tests/Concertable.B2B.Booking.IntegrationTests/Concertable.B2B.Booking.IntegrationTests.csproj" />
    <Project Path="src/Modules/Booking/Tests/Concertable.B2B.Booking.UnitTests/Concertable.B2B.Booking.UnitTests.csproj" />
  </Folder>
  <Folder Name="/Modules/Concert/">
    <Project Path="src/Modules/Concert/Concertable.B2B.Concert.Api/Concertable.B2B.Concert.Api.csproj" />
    <Project Path="src/Modules/Concert/Concertable.B2B.Concert.Application/Concertable.B2B.Concert.Application.csproj" />
    <Project Path="src/Modules/Concert/Concertable.B2B.Concert.Contracts/Concertable.B2B.Concert.Contracts.csproj" />
    <Project Path="src/Modules/Concert/Concertable.B2B.Concert.Domain/Concertable.B2B.Concert.Domain.csproj" />
    <Project Path="src/Modules/Concert/Concertable.B2B.Concert.Infrastructure/Concertable.B2B.Concert.Infrastructure.csproj" />
  </Folder>
  <Folder Name="/Modules/Concert/Tests/">
    <Project Path="src/Modules/Concert/Tests/Concertable.B2B.Concert.IntegrationTests/Concertable.B2B.Concert.IntegrationTests.csproj" />
    <Project Path="src/Modules/Concert/Tests/Concertable.B2B.Concert.UnitTests/Concertable.B2B.Concert.UnitTests.csproj" />
  </Folder>
  <Folder Name="/Modules/Deal/">
    <Project Path="src/Modules/Deal/Concertable.B2B.Deal.Api/Concertable.B2B.Deal.Api.csproj" />
    <Project Path="src/Modules/Deal/Concertable.B2B.Deal.Application/Concertable.B2B.Deal.Application.csproj" />
    <Project Path="src/Modules/Deal/Concertable.B2B.Deal.Contracts/Concertable.B2B.Deal.Contracts.csproj" />
    <Project Path="src/Modules/Deal/Concertable.B2B.Deal.Domain/Concertable.B2B.Deal.Domain.csproj" />
    <Project Path="src/Modules/Deal/Concertable.B2B.Deal.Infrastructure/Concertable.B2B.Deal.Infrastructure.csproj" />
  </Folder>
  <Folder Name="/Modules/Deal/Tests/">
    <Project Path="src/Modules/Deal/Tests/Concertable.B2B.Deal.IntegrationTests/Concertable.B2B.Deal.IntegrationTests.csproj" />
    <Project Path="src/Modules/Deal/Tests/Concertable.B2B.Deal.UnitTests/Concertable.B2B.Deal.UnitTests.csproj" />
  </Folder>
  <Folder Name="/Modules/Dashboard/">
    <Project Path="src/Modules/Dashboard/Concertable.B2B.Dashboard.Contracts/Concertable.B2B.Dashboard.Contracts.csproj" />
  </Folder>
  <Folder Name="/Modules/Dashboard/Artist/">
    <Project Path="src/Modules/Dashboard/Artist/Concertable.B2B.Dashboard.Artist.Api/Concertable.B2B.Dashboard.Artist.Api.csproj" />
    <Project Path="src/Modules/Dashboard/Artist/Concertable.B2B.Dashboard.Artist.Application/Concertable.B2B.Dashboard.Artist.Application.csproj" />
    <Project Path="src/Modules/Dashboard/Artist/Concertable.B2B.Dashboard.Artist.Infrastructure/Concertable.B2B.Dashboard.Artist.Infrastructure.csproj" />
  </Folder>
  <Folder Name="/Modules/Dashboard/Opportunity/">
    <Project Path="src/Modules/Dashboard/Opportunity/Concertable.B2B.Dashboard.Opportunity.Api/Concertable.B2B.Dashboard.Opportunity.Api.csproj" />
    <Project Path="src/Modules/Dashboard/Opportunity/Concertable.B2B.Dashboard.Opportunity.Application/Concertable.B2B.Dashboard.Opportunity.Application.csproj" />
    <Project Path="src/Modules/Dashboard/Opportunity/Concertable.B2B.Dashboard.Opportunity.Infrastructure/Concertable.B2B.Dashboard.Opportunity.Infrastructure.csproj" />
  </Folder>
  <Folder Name="/Modules/Dashboard/Venue/">
    <Project Path="src/Modules/Dashboard/Venue/Concertable.B2B.Dashboard.Venue.Api/Concertable.B2B.Dashboard.Venue.Api.csproj" />
    <Project Path="src/Modules/Dashboard/Venue/Concertable.B2B.Dashboard.Venue.Application/Concertable.B2B.Dashboard.Venue.Application.csproj" />
    <Project Path="src/Modules/Dashboard/Venue/Concertable.B2B.Dashboard.Venue.Infrastructure/Concertable.B2B.Dashboard.Venue.Infrastructure.csproj" />
  </Folder>
  <Folder Name="/Modules/Dashboard/Tests/">
    <Project Path="src/Modules/Dashboard/Tests/Concertable.B2B.Dashboard.IntegrationTests/Concertable.B2B.Dashboard.IntegrationTests.csproj" />
    <Project Path="src/Modules/Dashboard/Tests/Concertable.B2B.Dashboard.Opportunity.UnitTests/Concertable.B2B.Dashboard.Opportunity.UnitTests.csproj" />
  </Folder>
  <Folder Name="/Modules/Opportunity/">
    <Project Path="src/Modules/Opportunity/Concertable.B2B.Opportunity.Api/Concertable.B2B.Opportunity.Api.csproj" />
    <Project Path="src/Modules/Opportunity/Concertable.B2B.Opportunity.Application/Concertable.B2B.Opportunity.Application.csproj" />
    <Project Path="src/Modules/Opportunity/Concertable.B2B.Opportunity.Contracts/Concertable.B2B.Opportunity.Contracts.csproj" />
    <Project Path="src/Modules/Opportunity/Concertable.B2B.Opportunity.Domain/Concertable.B2B.Opportunity.Domain.csproj" />
    <Project Path="src/Modules/Opportunity/Concertable.B2B.Opportunity.Infrastructure/Concertable.B2B.Opportunity.Infrastructure.csproj" />
  </Folder>
  <Folder Name="/Modules/Opportunity/Tests/">
    <Project Path="src/Modules/Opportunity/Tests/Concertable.B2B.Opportunity.IntegrationTests/Concertable.B2B.Opportunity.IntegrationTests.csproj" />
  </Folder>
  <Folder Name="/Modules/Conversations/">
    <Project Path="src/Modules/Conversations/Concertable.B2B.Conversations.Api/Concertable.B2B.Conversations.Api.csproj" />
    <Project Path="src/Modules/Conversations/Concertable.B2B.Conversations.Application/Concertable.B2B.Conversations.Application.csproj" />
    <Project Path="src/Modules/Conversations/Concertable.B2B.Conversations.Contracts/Concertable.B2B.Conversations.Contracts.csproj" />
    <Project Path="src/Modules/Conversations/Concertable.B2B.Conversations.Domain/Concertable.B2B.Conversations.Domain.csproj" />
    <Project Path="src/Modules/Conversations/Concertable.B2B.Conversations.Infrastructure/Concertable.B2B.Conversations.Infrastructure.csproj" />
  </Folder>
  <Folder Name="/Modules/Conversations/Tests/">
    <Project Path="src/Modules/Conversations/Tests/Concertable.B2B.Conversations.IntegrationTests/Concertable.B2B.Conversations.IntegrationTests.csproj" />
    <Project Path="src/Modules/Conversations/Tests/Concertable.B2B.Conversations.UnitTests/Concertable.B2B.Conversations.UnitTests.csproj" />
  </Folder>
  <Folder Name="/Shared/Notification/">
    <Project Path="../Concertable.Shared/src/Concertable.Shared.Notification/Concertable.Shared.Notification.Infrastructure/Concertable.Shared.Notification.Infrastructure.csproj" />
  </Folder>
  <Folder Name="/Modules/Tenant/">
    <Project Path="src/Modules/Tenant/Concertable.B2B.Tenant.Api/Concertable.B2B.Tenant.Api.csproj" />
    <Project Path="src/Modules/Tenant/Concertable.B2B.Tenant.Application/Concertable.B2B.Tenant.Application.csproj" />
    <Project Path="src/Modules/Tenant/Concertable.B2B.Tenant.Contracts/Concertable.B2B.Tenant.Contracts.csproj" />
    <Project Path="src/Modules/Tenant/Concertable.B2B.Tenant.Domain/Concertable.B2B.Tenant.Domain.csproj" />
    <Project Path="src/Modules/Tenant/Concertable.B2B.Tenant.Infrastructure/Concertable.B2B.Tenant.Infrastructure.csproj" />
  </Folder>
  <Folder Name="/Modules/Tenant/Tests/">
    <Project Path="src/Modules/Tenant/Tests/Concertable.B2B.Tenant.IntegrationTests/Concertable.B2B.Tenant.IntegrationTests.csproj" />
    <Project Path="src/Modules/Tenant/Tests/Concertable.B2B.Tenant.UnitTests/Concertable.B2B.Tenant.UnitTests.csproj" />
  </Folder>
  <Folder Name="/Modules/User/">
    <Project Path="src/Modules/User/Concertable.B2B.User.Api/Concertable.B2B.User.Api.csproj" />
    <Project Path="src/Modules/User/Concertable.B2B.User.Application/Concertable.B2B.User.Application.csproj" />
    <Project Path="src/Modules/User/Concertable.B2B.User.Contracts/Concertable.B2B.User.Contracts.csproj" />
    <Project Path="src/Modules/User/Concertable.B2B.User.Domain/Concertable.B2B.User.Domain.csproj" />
    <Project Path="src/Modules/User/Concertable.B2B.User.Infrastructure/Concertable.B2B.User.Infrastructure.csproj" />
  </Folder>
  <Folder Name="/Modules/User/Tests/">
    <Project Path="src/Modules/User/Tests/Concertable.B2B.User.IntegrationTests/Concertable.B2B.User.IntegrationTests.csproj" />
    <Project Path="src/Modules/User/Tests/Concertable.B2B.User.UnitTests/Concertable.B2B.User.UnitTests.csproj" />
  </Folder>
  <Folder Name="/Modules/Venue/">
    <Project Path="src/Modules/Venue/Concertable.B2B.Venue.Api/Concertable.B2B.Venue.Api.csproj" />
    <Project Path="src/Modules/Venue/Concertable.B2B.Venue.Application/Concertable.B2B.Venue.Application.csproj" />
    <Project Path="src/Modules/Venue/Concertable.B2B.Venue.Contracts/Concertable.B2B.Venue.Contracts.csproj" />
    <Project Path="src/Modules/Venue/Concertable.B2B.Venue.Domain/Concertable.B2B.Venue.Domain.csproj" />
    <Project Path="src/Modules/Venue/Concertable.B2B.Venue.Infrastructure/Concertable.B2B.Venue.Infrastructure.csproj" />
  </Folder>
  <Folder Name="/Modules/Venue/Tests/">
    <Project Path="src/Modules/Venue/Tests/Concertable.B2B.Venue.IntegrationTests/Concertable.B2B.Venue.IntegrationTests.csproj" />
    <Project Path="src/Modules/Venue/Tests/Concertable.B2B.Venue.UnitTests/Concertable.B2B.Venue.UnitTests.csproj" />
  </Folder>
  <Folder Name="/Tests/">
    <Project Path="tests/Concertable.B2B.ArchitectureTests/Concertable.B2B.ArchitectureTests.csproj" />
    <Project Path="tests/Concertable.B2B.E2EAdmin.IntegrationTests/Concertable.B2B.E2EAdmin.IntegrationTests.csproj" />
    <Project Path="tests/Concertable.B2B.KeyedStrategies.UnitTests/Concertable.B2B.KeyedStrategies.UnitTests.csproj" />
    <Project Path="tests/Concertable.B2B.IntegrationTests.Fixtures/Concertable.B2B.IntegrationTests.Fixtures.csproj" />
    <Project Path="tests/Concertable.B2B.Lifecycle.IntegrationTests/Concertable.B2B.Lifecycle.IntegrationTests.csproj" />
  </Folder>
  <Folder Name="/Tests/E2ETests/">
    <Project Path="tests/E2ETests/Concertable.B2B.E2ETests/Concertable.B2B.E2ETests.csproj" />
    <Project Path="tests/E2ETests/Concertable.B2B.E2ETests.Server/Concertable.B2B.E2ETests.Server.csproj" />
    <Project Path="tests/E2ETests/Concertable.B2B.E2ETests.Ui/Concertable.B2B.E2ETests.Ui.csproj" />
    <Project Path="tests/E2ETests/Concertable.B2B.E2ETests.Web/Concertable.B2B.E2ETests.Web.csproj" />
  </Folder>
</Solution>
